{
    "_readme": [
        "This file locks the dependencies of your project to a known state",
        "Read more about it at https://getcomposer.org/doc/01-basic-usage.md#installing-dependencies",
        "This file is @generated automatically"
    ],
    "content-hash": "b1a2ed45e0064efffcbcf0189f505522",
    "packages": [
        {
            "name": "delight-im/base64",
            "version": "v1.0.0",
            "source": {
                "type": "git",
                "url": "https://github.com/delight-im/PHP-Base64.git",
                "reference": "687b2a49f663e162030a8d27b32838bbe7f91c78"
            },
            "dist": {
                "type": "zip",
                "url": "https://api.github.com/repos/delight-im/PHP-Base64/zipball/687b2a49f663e162030a8d27b32838bbe7f91c78",
                "reference": "687b2a49f663e162030a8d27b32838bbe7f91c78",
                "shasum": ""
            },
            "require": {
                "php": ">=5.3.0"
            },
            "type": "library",
            "autoload": {
                "psr-4": {
                    "Delight\\Base64\\": "src/"
                }
            },
            "notification-url": "https://packagist.org/downloads/",
            "license": [
                "MIT"
            ],
            "description": "Simple and convenient Base64 encoding and decoding for PHP",
            "homepage": "https://github.com/delight-im/PHP-Base64",
            "keywords": [
                "URL-safe",
                "base-64",
                "base64",
                "decode",
                "decoding",
                "encode",
                "encoding",
                "url"
            ],
            "support": {
                "issues": "https://github.com/delight-im/PHP-Base64/issues",
                "source": "https://github.com/delight-im/PHP-Base64/tree/master"
            },
            "time": "2017-07-24T18:59:51+00:00"
        },
        {
            "name": "delight-im/db",
            "version": "v1.3.1",
            "source": {
                "type": "git",
                "url": "https://github.com/delight-im/PHP-DB.git",
                "reference": "7d6f4c7a7e8ba6a297bfc30d65702479fd0b5f7c"
            },
            "dist": {
                "type": "zip",
                "url": "https://api.github.com/repos/delight-im/PHP-DB/zipball/7d6f4c7a7e8ba6a297bfc30d65702479fd0b5f7c",
                "reference": "7d6f4c7a7e8ba6a297bfc30d65702479fd0b5f7c",
                "shasum": ""
            },
            "require": {
                "ext-pdo": "*",
                "php": ">=5.6.0"
            },
            "type": "library",
            "autoload": {
                "psr-4": {
                    "Delight\\Db\\": "src/"
                }
            },
            "notification-url": "https://packagist.org/downloads/",
            "license": [
                "MIT"
            ],
            "description": "Safe and convenient SQL database access in a driver-agnostic way",
            "homepage": "https://github.com/delight-im/PHP-DB",
            "keywords": [
                "database",
                "mysql",
                "pdo",
                "pgsql",
                "postgresql",
                "sql",
                "sqlite"
            ],
            "support": {
                "issues": "https://github.com/delight-im/PHP-DB/issues",
                "source": "https://github.com/delight-im/PHP-DB/tree/v1.3.1"
            },
            "time": "2020-02-21T10:46:03+00:00"
        }
    ],
    "packages-dev": [],
    "aliases": [],
    "minimum-stability": "stable",
    "stability-flags": [],
    "prefer-stable": false,
    "prefer-lowest": false,
    "platform": {
        "php": ">=7.2.0",
        "ext-openssl": "*"
    },
    "platform-dev": [],
    "plugin-api-version": "2.0.0"
}
